PODS:
  - Flutter (1.0.0)
  - flutter_local_notifications (0.0.1):
    - Flutter
  - path_provider (0.0.1):
    - Flutter
  - shared_preferences (0.0.1):
    - Flutter

DEPENDENCIES:
  - Flutter (from `Pods/.symlinks/flutter/ios`)
  - flutter_local_notifications (from `Pods/.symlinks/plugins/flutter_local_notifications/ios`)
  - path_provider (from `Pods/.symlinks/plugins/path_provider/ios`)
  - shared_preferences (from `Pods/.symlinks/plugins/shared_preferences/ios`)

EXTERNAL SOURCES:
  Flutter:
    :path: Pods/.symlinks/flutter/ios
  flutter_local_notifications:
    :path: Pods/.symlinks/plugins/flutter_local_notifications/ios
  path_provider:
    :path: Pods/.symlinks/plugins/path_provider/ios
  shared_preferences:
    :path: Pods/.symlinks/plugins/shared_preferences/ios

SPEC CHECKSUMS:
  Flutter: 58dd7d1b27887414a370fcccb9e645c08ffd7a6a
  flutter_local_notifications: 9e4738ce2471c5af910d961a6b7eadcf57c50186
  path_provider: f96fff6166a8867510d2c25fdcc346327cc4b259
  shared_preferences: 1feebfa37bb57264736e16865e7ffae7fc99b523

PODFILE CHECKSUM: a58e19c59fdbf6af9d1c82e73a979aef236a37de

COCOAPODS: 1.7.2
